
Microsoft Visual Studio Solution File, Format Version 12.00
# Visual Studio Version 17
VisualStudioVersion = 17.9.34622.214
MinimumVisualStudioVersion = 10.0.40219.1
Project("{FAE04EC0-301F-11D3-BF4B-00C04F79EFBC}") = "RemoveElement", "RemoveElement.csproj", "{53B75FA6-84D0-4526-AA02-9AD070DCBE42}"
EndProject
Global
	GlobalSection(SolutionConfigurationPlatforms) = preSolution
		Debug|Any CPU = Debug|Any CPU
		Release|Any CPU = Release|Any CPU
	EndGlobalSection
	GlobalSection(ProjectConfigurationPlatforms) = postSolution
		{53B75FA6-84D0-4526-AA02-9AD070DCBE42}.Debug|Any CPU.ActiveCfg = Debug|Any CPU
		{53B75FA6-84D0-4526-AA02-9AD070DCBE42}.Debug|Any CPU.Build.0 = Debug|Any CPU
		{53B75FA6-84D0-4526-AA02-9AD070DCBE42}.Release|Any CPU.ActiveCfg = Release|Any CPU
		{53B75FA6-84D0-4526-AA02-9AD070DCBE42}.Release|Any CPU.Build.0 = Release|Any CPU
	EndGlobalSection
	GlobalSection(SolutionProperties) = preSolution
		HideSolutionNode = FALSE
	EndGlobalSection
	GlobalSection(ExtensibilityGlobals) = postSolution
		SolutionGuid = {A21BD2C0-9D86-42FC-AED3-3D227E9E6C0C}
	EndGlobalSection
EndGlobal
